// !$*UTF8*$!
{
	archiveVersion = 1;
	classes = {
	};
	objectVersion = 56;
	objects = {

/* Begin PBXBuildFile section */
		F56320612BA21FB50049C06E /* AudioRecorderApp.swift in Sources */ = {isa = PBXBuildFile; fileRef = F56320602BA21FB50049C06E /* AudioRecorderApp.swift */; };
		F56320652BA21FBB0049C06E /* Assets.xcassets in Resources */ = {isa = PBXBuildFile; fileRef = F56320642BA21FBB0049C06E /* Assets.xcassets */; };
		F56320682BA21FBB0049C06E /* Preview Assets.xcassets in Resources */ = {isa = PBXBuildFile; fileRef = F56320672BA21FBB0049C06E /* Preview Assets.xcassets */; };
		F56320722BA21FBC0049C06E /* AudioRecorderTests.swift in Sources */ = {isa = PBXBuildFile; fileRef = F56320712BA21FBC0049C06E /* AudioRecorderTests.swift */; };
		F5BA60BC2BA2292F000ABCF1 /* Data.swift in Sources */ = {isa = PBXBuildFile; fileRef = F5BA60B82BA2292F000ABCF1 /* Data.swift */; };
		F5BA60BD2BA2292F000ABCF1 /* Date.swift in Sources */ = {isa = PBXBuildFile; fileRef = F5BA60B92BA2292F000ABCF1 /* Date.swift */; };
		F5BA60BE2BA2292F000ABCF1 /* String.swift in Sources */ = {isa = PBXBuildFile; fileRef = F5BA60BA2BA2292F000ABCF1 /* String.swift */; };
		F5BA60C32BA22939000ABCF1 /* RecordButton.swift in Sources */ = {isa = PBXBuildFile; fileRef = F5BA60BF2BA22939000ABCF1 /* RecordButton.swift */; };
		F5BA60C42BA22939000ABCF1 /* RecordingsView.swift in Sources */ = {isa = PBXBuildFile; fileRef = F5BA60C02BA22939000ABCF1 /* RecordingsView.swift */; };
		F5BA60C82BA2294D000ABCF1 /* RecordingModel.swift in Sources */ = {isa = PBXBuildFile; fileRef = F5BA60C62BA2294D000ABCF1 /* RecordingModel.swift */; };
		F5BA60C92BA2294D000ABCF1 /* RecordingsViewModel.swift in Sources */ = {isa = PBXBuildFile; fileRef = F5BA60C72BA2294D000ABCF1 /* RecordingsViewModel.swift */; };
		F5BA60CB2BA2502A000ABCF1 /* DateTests.swift in Sources */ = {isa = PBXBuildFile; fileRef = F5BA60CA2BA2502A000ABCF1 /* DateTests.swift */; };
		F5BA60CE2BA25397000ABCF1 /* 046.mp3 in Resources */ = {isa = PBXBuildFile; fileRef = F5BA60CC2BA25396000ABCF1 /* 046.mp3 */; };
		F5BA60CF2BA253B1000ABCF1 /* 046.mp3 in Resources */ = {isa = PBXBuildFile; fileRef = F5BA60CC2BA25396000ABCF1 /* 046.mp3 */; };
		F5BA60D22BA25CF0000ABCF1 /* alert1.wav in Resources */ = {isa = PBXBuildFile; fileRef = F5BA60D02BA25CEF000ABCF1 /* alert1.wav */; };
		F5BA60D32BA25CF0000ABCF1 /* alert3.wav in Resources */ = {isa = PBXBuildFile; fileRef = F5BA60D12BA25CF0000ABCF1 /* alert3.wav */; };
		F5BA60D52BA262A9000ABCF1 /* Task.swift in Sources */ = {isa = PBXBuildFile; fileRef = F5BA60D42BA262A8000ABCF1 /* Task.swift */; };
		F5BA60D72BA2823B000ABCF1 /* AudioRecorder.swift in Sources */ = {isa = PBXBuildFile; fileRef = F5BA60D62BA2823A000ABCF1 /* AudioRecorder.swift */; };
/* End PBXBuildFile section */

/* Begin PBXContainerItemProxy section */
		F563206E2BA21FBC0049C06E /* PBXContainerItemProxy */ = {
			isa = PBXContainerItemProxy;
			containerPortal = F56320552BA21FB50049C06E /* Project object */;
			proxyType = 1;
			remoteGlobalIDString = F563205C2BA21FB50049C06E;
			remoteInfo = AudioRecorder;
		};
/* End PBXContainerItemProxy section */

/* Begin PBXFileReference section */
		F563205D2BA21FB50049C06E /* AudioRecorder.app */ = {isa = PBXFileReference; explicitFileType = wrapper.application; includeInIndex = 0; path = AudioRecorder.app; sourceTree = BUILT_PRODUCTS_DIR; };
		F56320602BA21FB50049C06E /* AudioRecorderApp.swift */ = {isa = PBXFileReference; lastKnownFileType = sourcecode.swift; path = AudioRecorderApp.swift; sourceTree = "<group>"; };
		F56320642BA21FBB0049C06E /* Assets.xcassets */ = {isa = PBXFileReference; lastKnownFileType = folder.assetcatalog; path = Assets.xcassets; sourceTree = "<group>"; };
		F56320672BA21FBB0049C06E /* Preview Assets.xcassets */ = {isa = PBXFileReference; lastKnownFileType = folder.assetcatalog; path = "Preview Assets.xcassets"; sourceTree = "<group>"; };
		F563206D2BA21FBC0049C06E /* AudioRecorderTests.xctest */ = {isa = PBXFileReference; explicitFileType = wrapper.cfbundle; includeInIndex = 0; path = AudioRecorderTests.xctest; sourceTree = BUILT_PRODUCTS_DIR; };
		F56320712BA21FBC0049C06E /* AudioRecorderTests.swift */ = {isa = PBXFileReference; lastKnownFileType = sourcecode.swift; path = AudioRecorderTests.swift; sourceTree = "<group>"; };
		F5BA60B82BA2292F000ABCF1 /* Data.swift */ = {isa = PBXFileReference; fileEncoding = 4; lastKnownFileType = sourcecode.swift; path = Data.swift; sourceTree = "<group>"; };
		F5BA60B92BA2292F000ABCF1 /* Date.swift */ = {isa = PBXFileReference; fileEncoding = 4; lastKnownFileType = sourcecode.swift; path = Date.swift; sourceTree = "<group>"; };
		F5BA60BA2BA2292F000ABCF1 /* String.swift */ = {isa = PBXFileReference; fileEncoding = 4; lastKnownFileType = sourcecode.swift; path = String.swift; sourceTree = "<group>"; };
		F5BA60BF2BA22939000ABCF1 /* RecordButton.swift */ = {isa = PBXFileReference; fileEncoding = 4; lastKnownFileType = sourcecode.swift; path = RecordButton.swift; sourceTree = "<group>"; };
		F5BA60C02BA22939000ABCF1 /* RecordingsView.swift */ = {isa = PBXFileReference; fileEncoding = 4; lastKnownFileType = sourcecode.swift; path = RecordingsView.swift; sourceTree = "<group>"; };
		F5BA60C62BA2294D000ABCF1 /* RecordingModel.swift */ = {isa = PBXFileReference; fileEncoding = 4; lastKnownFileType = sourcecode.swift; path = RecordingModel.swift; sourceTree = "<group>"; };
		F5BA60C72BA2294D000ABCF1 /* RecordingsViewModel.swift */ = {isa = PBXFileReference; fileEncoding = 4; lastKnownFileType = sourcecode.swift; path = RecordingsViewModel.swift; sourceTree = "<group>"; };
		F5BA60CA2BA2502A000ABCF1 /* DateTests.swift */ = {isa = PBXFileReference; fileEncoding = 4; lastKnownFileType = sourcecode.swift; path = DateTests.swift; sourceTree = "<group>"; };
		F5BA60CC2BA25396000ABCF1 /* 046.mp3 */ = {isa = PBXFileReference; lastKnownFileType = audio.mp3; path = 046.mp3; sourceTree = "<group>"; };
		F5BA60D02BA25CEF000ABCF1 /* alert1.wav */ = {isa = PBXFileReference; lastKnownFileType = audio.wav; path = alert1.wav; sourceTree = "<group>"; };
		F5BA60D12BA25CF0000ABCF1 /* alert3.wav */ = {isa = PBXFileReference; lastKnownFileType = audio.wav; path = alert3.wav; sourceTree = "<group>"; };
		F5BA60D42BA262A8000ABCF1 /* Task.swift */ = {isa = PBXFileReference; fileEncoding = 4; lastKnownFileType = sourcecode.swift; path = Task.swift; sourceTree = "<group>"; };
		F5BA60D62BA2823A000ABCF1 /* AudioRecorder.swift */ = {isa = PBXFileReference; fileEncoding = 4; lastKnownFileType = sourcecode.swift; path = AudioRecorder.swift; sourceTree = "<group>"; };
		F5BA60D82BA28944000ABCF1 /* Info.plist */ = {isa = PBXFileReference; lastKnownFileType = text.plist; path = Info.plist; sourceTree = "<group>"; };
/* End PBXFileReference section */

/* Begin PBXFrameworksBuildPhase section */
		F563205A2BA21FB50049C06E /* Frameworks */ = {
			isa = PBXFrameworksBuildPhase;
			buildActionMask = 2147483647;
			files = (
			);
			runOnlyForDeploymentPostprocessing = 0;
		};
		F563206A2BA21FBC0049C06E /* Frameworks */ = {
			isa = PBXFrameworksBuildPhase;
			buildActionMask = 2147483647;
			files = (
			);
			runOnlyForDeploymentPostprocessing = 0;
		};
/* End PBXFrameworksBuildPhase section */

/* Begin PBXGroup section */
		F56320542BA21FB50049C06E = {
			isa = PBXGroup;
			children = (
				F563205F2BA21FB50049C06E /* AudioRecorder */,
				F56320702BA21FBC0049C06E /* AudioRecorderTests */,
				F563205E2BA21FB50049C06E /* Products */,
			);
			sourceTree = "<group>";
		};
		F563205E2BA21FB50049C06E /* Products */ = {
			isa = PBXGroup;
			children = (
				F563205D2BA21FB50049C06E /* AudioRecorder.app */,
				F563206D2BA21FBC0049C06E /* AudioRecorderTests.xctest */,
			);
			name = Products;
			sourceTree = "<group>";
		};
		F563205F2BA21FB50049C06E /* AudioRecorder */ = {
			isa = PBXGroup;
			children = (
				F5BA60D82BA28944000ABCF1 /* Info.plist */,
				F56320602BA21FB50049C06E /* AudioRecorderApp.swift */,
				F5BA60D62BA2823A000ABCF1 /* AudioRecorder.swift */,
				F5BA60CD2BA25396000ABCF1 /* audio */,
				F5BA60C62BA2294D000ABCF1 /* RecordingModel.swift */,
				F5BA60C72BA2294D000ABCF1 /* RecordingsViewModel.swift */,
				F5BA60BB2BA2292F000ABCF1 /* Extensions */,
				F5BA60C22BA22939000ABCF1 /* Views */,
				F56320642BA21FBB0049C06E /* Assets.xcassets */,
				F56320662BA21FBB0049C06E /* Preview Content */,
			);
			path = AudioRecorder;
			sourceTree = "<group>";
		};
		F56320662BA21FBB0049C06E /* Preview Content */ = {
			isa = PBXGroup;
			children = (
				F56320672BA21FBB0049C06E /* Preview Assets.xcassets */,
			);
			path = "Preview Content";
			sourceTree = "<group>";
		};
		F56320702BA21FBC0049C06E /* AudioRecorderTests */ = {
			isa = PBXGroup;
			children = (
				F56320712BA21FBC0049C06E /* AudioRecorderTests.swift */,
				F5BA60CA2BA2502A000ABCF1 /* DateTests.swift */,
			);
			path = AudioRecorderTests;
			sourceTree = "<group>";
		};
		F5BA60BB2BA2292F000ABCF1 /* Extensions */ = {
			isa = PBXGroup;
			children = (
				F5BA60D42BA262A8000ABCF1 /* Task.swift */,
				F5BA60B82BA2292F000ABCF1 /* Data.swift */,
				F5BA60B92BA2292F000ABCF1 /* Date.swift */,
				F5BA60BA2BA2292F000ABCF1 /* String.swift */,
			);
			path = Extensions;
			sourceTree = "<group>";
		};
		F5BA60C22BA22939000ABCF1 /* Views */ = {
			isa = PBXGroup;
			children = (
				F5BA60BF2BA22939000ABCF1 /* RecordButton.swift */,
				F5BA60C02BA22939000ABCF1 /* RecordingsView.swift */,
			);
			path = Views;
			sourceTree = "<group>";
		};
		F5BA60CD2BA25396000ABCF1 /* audio */ = {
			isa = PBXGroup;
			children = (
				F5BA60CC2BA25396000ABCF1 /* 046.mp3 */,
				F5BA60D02BA25CEF000ABCF1 /* alert1.wav */,
				F5BA60D12BA25CF0000ABCF1 /* alert3.wav */,
			);
			path = audio;
			sourceTree = "<group>";
		};
/* End PBXGroup section */

/* Begin PBXNativeTarget section */
		F563205C2BA21FB50049C06E /* AudioRecorder */ = {
			isa = PBXNativeTarget;
			buildConfigurationList = F56320812BA21FBC0049C06E /* Build configuration list for PBXNativeTarget "AudioRecorder" */;
			buildPhases = (
				F56320592BA21FB50049C06E /* Sources */,
				F563205A2BA21FB50049C06E /* Frameworks */,
				F563205B2BA21FB50049C06E /* Resources */,
			);
			buildRules = (
			);
			dependencies = (
			);
			name = AudioRecorder;
			productName = AudioRecorder;
			productReference = F563205D2BA21FB50049C06E /* AudioRecorder.app */;
			productType = "com.apple.product-type.application";
		};
		F563206C2BA21FBC0049C06E /* AudioRecorderTests */ = {
			isa = PBXNativeTarget;
			buildConfigurationList = F56320842BA21FBC0049C06E /* Build configuration list for PBXNativeTarget "AudioRecorderTests" */;
			buildPhases = (
				F56320692BA21FBC0049C06E /* Sources */,
				F563206A2BA21FBC0049C06E /* Frameworks */,
				F563206B2BA21FBC0049C06E /* Resources */,
			);
			buildRules = (
			);
			dependencies = (
				F563206F2BA21FBC0049C06E /* PBXTargetDependency */,
			);
			name = AudioRecorderTests;
			productName = AudioRecorderTests;
			productReference = F563206D2BA21FBC0049C06E /* AudioRecorderTests.xctest */;
			productType = "com.apple.product-type.bundle.unit-test";
		};
/* End PBXNativeTarget section */

/* Begin PBXProject section */
		F56320552BA21FB50049C06E /* Project object */ = {
			isa = PBXProject;
			attributes = {
				BuildIndependentTargetsInParallel = 1;
				LastSwiftUpdateCheck = 1530;
				LastUpgradeCheck = 1530;
				TargetAttributes = {
					F563205C2BA21FB50049C06E = {
						CreatedOnToolsVersion = 15.3;
					};
					F563206C2BA21FBC0049C06E = {
						CreatedOnToolsVersion = 15.3;
						TestTargetID = F563205C2BA21FB50049C06E;
					};
				};
			};
			buildConfigurationList = F56320582BA21FB50049C06E /* Build configuration list for PBXProject "AudioRecorder" */;
			compatibilityVersion = "Xcode 14.0";
			developmentRegion = en;
			hasScannedForEncodings = 0;
			knownRegions = (
				en,
				Base,
			);
			mainGroup = F56320542BA21FB50049C06E;
			productRefGroup = F563205E2BA21FB50049C06E /* Products */;
			projectDirPath = "";
			projectRoot = "";
			targets = (
				F563205C2BA21FB50049C06E /* AudioRecorder */,
				F563206C2BA21FBC0049C06E /* AudioRecorderTests */,
			);
		};
/* End PBXProject section */

/* Begin PBXResourcesBuildPhase section */
		F563205B2BA21FB50049C06E /* Resources */ = {
			isa = PBXResourcesBuildPhase;
			buildActionMask = 2147483647;
			files = (
				F5BA60D32BA25CF0000ABCF1 /* alert3.wav in Resources */,
				F5BA60CE2BA25397000ABCF1 /* 046.mp3 in Resources */,
				F56320682BA21FBB0049C06E /* Preview Assets.xcassets in Resources */,
				F56320652BA21FBB0049C06E /* Assets.xcassets in Resources */,
				F5BA60D22BA25CF0000ABCF1 /* alert1.wav in Resources */,
			);
			runOnlyForDeploymentPostprocessing = 0;
		};
		F563206B2BA21FBC0049C06E /* Resources */ = {
			isa = PBXResourcesBuildPhase;
			buildActionMask = 2147483647;
			files = (
				F5BA60CF2BA253B1000ABCF1 /* 046.mp3 in Resources */,
			);
			runOnlyForDeploymentPostprocessing = 0;
		};
/* End PBXResourcesBuildPhase section */

/* Begin PBXSourcesBuildPhase section */
		F56320592BA21FB50049C06E /* Sources */ = {
			isa = PBXSourcesBuildPhase;
			buildActionMask = 2147483647;
			files = (
				F5BA60C32BA22939000ABCF1 /* RecordButton.swift in Sources */,
				F5BA60C92BA2294D000ABCF1 /* RecordingsViewModel.swift in Sources */,
				F56320612BA21FB50049C06E /* AudioRecorderApp.swift in Sources */,
				F5BA60C42BA22939000ABCF1 /* RecordingsView.swift in Sources */,
				F5BA60D72BA2823B000ABCF1 /* AudioRecorder.swift in Sources */,
				F5BA60BD2BA2292F000ABCF1 /* Date.swift in Sources */,
				F5BA60C82BA2294D000ABCF1 /* RecordingModel.swift in Sources */,
				F5BA60BE2BA2292F000ABCF1 /* String.swift in Sources */,
				F5BA60D52BA262A9000ABCF1 /* Task.swift in Sources */,
				F5BA60BC2BA2292F000ABCF1 /* Data.swift in Sources */,
			);
			runOnlyForDeploymentPostprocessing = 0;
		};
		F56320692BA21FBC0049C06E /* Sources */ = {
			isa = PBXSourcesBuildPhase;
			buildActionMask = 2147483647;
			files = (
				F56320722BA21FBC0049C06E /* AudioRecorderTests.swift in Sources */,
				F5BA60CB2BA2502A000ABCF1 /* DateTests.swift in Sources */,
			);
			runOnlyForDeploymentPostprocessing = 0;
		};
/* End PBXSourcesBuildPhase section */

/* Begin PBXTargetDependency section */
		F563206F2BA21FBC0049C06E /* PBXTargetDependency */ = {
			isa = PBXTargetDependency;
			target = F563205C2BA21FB50049C06E /* AudioRecorder */;
			targetProxy = F563206E2BA21FBC0049C06E /* PBXContainerItemProxy */;
		};
/* End PBXTargetDependency section */

/* Begin XCBuildConfiguration section */
		F563207F2BA21FBC0049C06E /* Debug */ = {
			isa = XCBuildConfiguration;
			buildSettings = {
				ALWAYS_SEARCH_USER_PATHS = NO;
				ASSETCATALOG_COMPILER_GENERATE_SWIFT_ASSET_SYMBOL_EXTENSIONS = YES;
				CLANG_ANALYZER_NONNULL = YES;
				CLANG_ANALYZER_NUMBER_OBJECT_CONVERSION = YES_AGGRESSIVE;
				CLANG_CXX_LANGUAGE_STANDARD = "gnu++20";
				CLANG_ENABLE_MODULES = YES;
				CLANG_ENABLE_OBJC_ARC = YES;
				CLANG_ENABLE_OBJC_WEAK = YES;
				CLANG_WARN_BLOCK_CAPTURE_AUTORELEASING = YES;
				CLANG_WARN_BOOL_CONVERSION = YES;
				CLANG_WARN_COMMA = YES;
				CLANG_WARN_CONSTANT_CONVERSION = YES;
				CLANG_WARN_DEPRECATED_OBJC_IMPLEMENTATIONS = YES;
				CLANG_WARN_DIRECT_OBJC_ISA_USAGE = YES_ERROR;
				CLANG_WARN_DOCUMENTATION_COMMENTS = YES;
				CLANG_WARN_EMPTY_BODY = YES;
				CLANG_WARN_ENUM_CONVERSION = YES;
				CLANG_WARN_INFINITE_RECURSION = YES;
				CLANG_WARN_INT_CONVERSION = YES;
				CLANG_WARN_NON_LITERAL_NULL_CONVERSION = YES;
				CLANG_WARN_OBJC_IMPLICIT_RETAIN_SELF = YES;
				CLANG_WARN_OBJC_LITERAL_CONVERSION = YES;
				CLANG_WARN_OBJC_ROOT_CLASS = YES_ERROR;
				CLANG_WARN_QUOTED_INCLUDE_IN_FRAMEWORK_HEADER = YES;
				CLANG_WARN_RANGE_LOOP_ANALYSIS = YES;
				CLANG_WARN_STRICT_PROTOTYPES = YES;
				CLANG_WARN_SUSPICIOUS_MOVE = YES;
				CLANG_WARN_UNGUARDED_AVAILABILITY = YES_AGGRESSIVE;
				CLANG_WARN_UNREACHABLE_CODE = YES;
				CLANG_WARN__DUPLICATE_METHOD_MATCH = YES;
				COPY_PHASE_STRIP = NO;
				DEBUG_INFORMATION_FORMAT = dwarf;
				ENABLE_STRICT_OBJC_MSGSEND = YES;
				ENABLE_TESTABILITY = YES;
				ENABLE_USER_SCRIPT_SANDBOXING = YES;
				GCC_C_LANGUAGE_STANDARD = gnu17;
				GCC_DYNAMIC_NO_PIC = NO;
				GCC_NO_COMMON_BLOCKS = YES;
				GCC_OPTIMIZATION_LEVEL = 0;
				GCC_PREPROCESSOR_DEFINITIONS = (
					"DEBUG=1",
					"$(inherited)",
				);
				GCC_WARN_64_TO_32_BIT_CONVERSION = YES;
				GCC_WARN_ABOUT_RETURN_TYPE = YES_ERROR;
				GCC_WARN_UNDECLARED_SELECTOR = YES;
				GCC_WARN_UNINITIALIZED_AUTOS = YES_AGGRESSIVE;
				GCC_WARN_UNUSED_FUNCTION = YES;
				GCC_WARN_UNUSED_VARIABLE = YES;
				IPHONEOS_DEPLOYMENT_TARGET = 17.4;
				LOCALIZATION_PREFERS_STRING_CATALOGS = YES;
				MTL_ENABLE_DEBUG_INFO = INCLUDE_SOURCE;
				MTL_FAST_MATH = YES;
				ONLY_ACTIVE_ARCH = YES;
				SDKROOT = iphoneos;
				SWIFT_ACTIVE_COMPILATION_CONDITIONS = "DEBUG $(inherited)";
				SWIFT_OPTIMIZATION_LEVEL = "-Onone";
			};
			name = Debug;
		};
		F56320802BA21FBC0049C06E /* Release */ = {
			isa = XCBuildConfiguration;
			buildSettings = {
				ALWAYS_SEARCH_USER_PATHS = NO;
				ASSETCATALOG_COMPILER_GENERATE_SWIFT_ASSET_SYMBOL_EXTENSIONS = YES;
				CLANG_ANALYZER_NONNULL = YES;
				CLANG_ANALYZER_NUMBER_OBJECT_CONVERSION = YES_AGGRESSIVE;
				CLANG_CXX_LANGUAGE_STANDARD = "gnu++20";
				CLANG_ENABLE_MODULES = YES;
				CLANG_ENABLE_OBJC_ARC = YES;
				CLANG_ENABLE_OBJC_WEAK = YES;
				CLANG_WARN_BLOCK_CAPTURE_AUTORELEASING = YES;
				CLANG_WARN_BOOL_CONVERSION = YES;
				CLANG_WARN_COMMA = YES;
				CLANG_WARN_CONSTANT_CONVERSION = YES;
				CLANG_WARN_DEPRECATED_OBJC_IMPLEMENTATIONS = YES;
				CLANG_WARN_DIRECT_OBJC_ISA_USAGE = YES_ERROR;
				CLANG_WARN_DOCUMENTATION_COMMENTS = YES;
				CLANG_WARN_EMPTY_BODY = YES;
				CLANG_WARN_ENUM_CONVERSION = YES;
				CLANG_WARN_INFINITE_RECURSION = YES;
				CLANG_WARN_INT_CONVERSION = YES;
				CLANG_WARN_NON_LITERAL_NULL_CONVERSION = YES;
				CLANG_WARN_OBJC_IMPLICIT_RETAIN_SELF = YES;
				CLANG_WARN_OBJC_LITERAL_CONVERSION = YES;
				CLANG_WARN_OBJC_ROOT_CLASS = YES_ERROR;
				CLANG_WARN_QUOTED_INCLUDE_IN_FRAMEWORK_HEADER = YES;
				CLANG_WARN_RANGE_LOOP_ANALYSIS = YES;
				CLANG_WARN_STRICT_PROTOTYPES = YES;
				CLANG_WARN_SUSPICIOUS_MOVE = YES;
				CLANG_WARN_UNGUARDED_AVAILABILITY = YES_AGGRESSIVE;
				CLANG_WARN_UNREACHABLE_CODE = YES;
				CLANG_WARN__DUPLICATE_METHOD_MATCH = YES;
				COPY_PHASE_STRIP = NO;
				DEBUG_INFORMATION_FORMAT = "dwarf-with-dsym";
				ENABLE_NS_ASSERTIONS = NO;
				ENABLE_STRICT_OBJC_MSGSEND = YES;
				ENABLE_USER_SCRIPT_SANDBOXING = YES;
				GCC_C_LANGUAGE_STANDARD = gnu17;
				GCC_NO_COMMON_BLOCKS = YES;
				GCC_WARN_64_TO_32_BIT_CONVERSION = YES;
				GCC_WARN_ABOUT_RETURN_TYPE = YES_ERROR;
				GCC_WARN_UNDECLARED_SELECTOR = YES;
				GCC_WARN_UNINITIALIZED_AUTOS = YES_AGGRESSIVE;
				GCC_WARN_UNUSED_FUNCTION = YES;
				GCC_WARN_UNUSED_VARIABLE = YES;
				IPHONEOS_DEPLOYMENT_TARGET = 17.4;
				LOCALIZATION_PREFERS_STRING_CATALOGS = YES;
				MTL_ENABLE_DEBUG_INFO = NO;
				MTL_FAST_MATH = YES;
				SDKROOT = iphoneos;
				SWIFT_COMPILATION_MODE = wholemodule;
				VALIDATE_PRODUCT = YES;
			};
			name = Release;
		};
		F56320822BA21FBC0049C06E /* Debug */ = {
			isa = XCBuildConfiguration;
			buildSettings = {
				ASSETCATALOG_COMPILER_APPICON_NAME = AppIcon;
				ASSETCATALOG_COMPILER_GLOBAL_ACCENT_COLOR_NAME = AccentColor;
				CODE_SIGN_STYLE = Automatic;
				CURRENT_PROJECT_VERSION = 1;
				DEVELOPMENT_ASSET_PATHS = "\"AudioRecorder/Preview Content\"";
				DEVELOPMENT_TEAM = PHEF24B589;
				ENABLE_PREVIEWS = YES;
				GENERATE_INFOPLIST_FILE = YES;
				INFOPLIST_FILE = AudioRecorder/Info.plist;
				INFOPLIST_KEY_NSMicrophoneUsageDescription = "We need access to your microphone to record audio for playback.";
				INFOPLIST_KEY_UIApplicationSceneManifest_Generation = YES;
				INFOPLIST_KEY_UIApplicationSupportsIndirectInputEvents = YES;
				INFOPLIST_KEY_UILaunchScreen_Generation = YES;
				INFOPLIST_KEY_UISupportedInterfaceOrientations_iPad = "UIInterfaceOrientationPortrait UIInterfaceOrientationPortraitUpsideDown UIInterfaceOrientationLandscapeLeft UIInterfaceOrientationLandscapeRight";
				INFOPLIST_KEY_UISupportedInterfaceOrientations_iPhone = "UIInterfaceOrientationPortrait UIInterfaceOrientationLandscapeLeft UIInterfaceOrientationLandscapeRight";
				IPHONEOS_DEPLOYMENT_TARGET = 15.0;
				LD_RUNPATH_SEARCH_PATHS = (
					"$(inherited)",
					"@executable_path/Frameworks",
				);
				MARKETING_VERSION = 1.0;
				PRODUCT_BUNDLE_IDENTIFIER = amr.AudioRecorder;
				PRODUCT_NAME = "$(TARGET_NAME)";
				SWIFT_EMIT_LOC_STRINGS = YES;
				SWIFT_VERSION = 5.0;
				TARGETED_DEVICE_FAMILY = "1,2";
			};
			name = Debug;
		};
		F56320832BA21FBC0049C06E /* Release */ = {
			isa = XCBuildConfiguration;
			buildSettings = {
				ASSETCATALOG_COMPILER_APPICON_NAME = AppIcon;
				ASSETCATALOG_COMPILER_GLOBAL_ACCENT_COLOR_NAME = AccentColor;
				CODE_SIGN_STYLE = Automatic;
				CURRENT_PROJECT_VERSION = 1;
				DEVELOPMENT_ASSET_PATHS = "\"AudioRecorder/Preview Content\"";
				DEVELOPMENT_TEAM = PHEF24B589;
				ENABLE_PREVIEWS = YES;
				GENERATE_INFOPLIST_FILE = YES;
				INFOPLIST_FILE = AudioRecorder/Info.plist;
				INFOPLIST_KEY_NSMicrophoneUsageDescription = "We need access to your microphone to record audio for playback.";
				INFOPLIST_KEY_UIApplicationSceneManifest_Generation = YES;
				INFOPLIST_KEY_UIApplicationSupportsIndirectInputEvents = YES;
				INFOPLIST_KEY_UILaunchScreen_Generation = YES;
				INFOPLIST_KEY_UISupportedInterfaceOrientations_iPad = "UIInterfaceOrientationPortrait UIInterfaceOrientationPortraitUpsideDown UIInterfaceOrientationLandscapeLeft UIInterfaceOrientationLandscapeRight";
				INFOPLIST_KEY_UISupportedInterfaceOrientations_iPhone = "UIInterfaceOrientationPortrait UIInterfaceOrientationLandscapeLeft UIInterfaceOrientationLandscapeRight";
				IPHONEOS_DEPLOYMENT_TARGET = 15.0;
				LD_RUNPATH_SEARCH_PATHS = (
					"$(inherited)",
					"@executable_path/Frameworks",
				);
				MARKETING_VERSION = 1.0;
				PRODUCT_BUNDLE_IDENTIFIER = amr.AudioRecorder;
				PRODUCT_NAME = "$(TARGET_NAME)";
				SWIFT_EMIT_LOC_STRINGS = YES;
				SWIFT_VERSION = 5.0;
				TARGETED_DEVICE_FAMILY = "1,2";
			};
			name = Release;
		};
		F56320852BA21FBC0049C06E /* Debug */ = {
			isa = XCBuildConfiguration;
			buildSettings = {
				ALWAYS_EMBED_SWIFT_STANDARD_LIBRARIES = YES;
				BUNDLE_LOADER = "$(TEST_HOST)";
				CODE_SIGN_STYLE = Automatic;
				CURRENT_PROJECT_VERSION = 1;
				GENERATE_INFOPLIST_FILE = YES;
				IPHONEOS_DEPLOYMENT_TARGET = 17.4;
				MARKETING_VERSION = 1.0;
				PRODUCT_BUNDLE_IDENTIFIER = amr.AudioRecorderTests;
				PRODUCT_NAME = "$(TARGET_NAME)";
				SWIFT_EMIT_LOC_STRINGS = NO;
				SWIFT_VERSION = 5.0;
				TARGETED_DEVICE_FAMILY = "1,2";
				TEST_HOST = "$(BUILT_PRODUCTS_DIR)/AudioRecorder.app/$(BUNDLE_EXECUTABLE_FOLDER_PATH)/AudioRecorder";
			};
			name = Debug;
		};
		F56320862BA21FBC0049C06E /* Release */ = {
			isa = XCBuildConfiguration;
			buildSettings = {
				ALWAYS_EMBED_SWIFT_STANDARD_LIBRARIES = YES;
				BUNDLE_LOADER = "$(TEST_HOST)";
				CODE_SIGN_STYLE = Automatic;
				CURRENT_PROJECT_VERSION = 1;
				GENERATE_INFOPLIST_FILE = YES;
				IPHONEOS_DEPLOYMENT_TARGET = 17.4;
				MARKETING_VERSION = 1.0;
				PRODUCT_BUNDLE_IDENTIFIER = amr.AudioRecorderTests;
				PRODUCT_NAME = "$(TARGET_NAME)";
				SWIFT_EMIT_LOC_STRINGS = NO;
				SWIFT_VERSION = 5.0;
				TARGETED_DEVICE_FAMILY = "1,2";
				TEST_HOST = "$(BUILT_PRODUCTS_DIR)/AudioRecorder.app/$(BUNDLE_EXECUTABLE_FOLDER_PATH)/AudioRecorder";
			};
			name = Release;
		};
/* End XCBuildConfiguration section */

/* Begin XCConfigurationList section */
		F56320582BA21FB50049C06E /* Build configuration list for PBXProject "AudioRecorder" */ = {
			isa = XCConfigurationList;
			buildConfigurations = (
				F563207F2BA21FBC0049C06E /* Debug */,
				F56320802BA21FBC0049C06E /* Release */,
			);
			defaultConfigurationIsVisible = 0;
			defaultConfigurationName = Release;
		};
		F56320812BA21FBC0049C06E /* Build configuration list for PBXNativeTarget "AudioRecorder" */ = {
			isa = XCConfigurationList;
			buildConfigurations = (
				F56320822BA21FBC0049C06E /* Debug */,
				F56320832BA21FBC0049C06E /* Release */,
			);
			defaultConfigurationIsVisible = 0;
			defaultConfigurationName = Release;
		};
		F56320842BA21FBC0049C06E /* Build configuration list for PBXNativeTarget "AudioRecorderTests" */ = {
			isa = XCConfigurationList;
			buildConfigurations = (
				F56320852BA21FBC0049C06E /* Debug */,
				F56320862BA21FBC0049C06E /* Release */,
			);
			defaultConfigurationIsVisible = 0;
			defaultConfigurationName = Release;
		};
/* End XCConfigurationList section */
	};
	rootObject = F56320552BA21FB50049C06E /* Project object */;
}
